// !$*UTF8*$!
{
	archiveVersion = 1;
	classes = {
	};
	objectVersion = 55;
	objects = {

/* Begin PBXBuildFile section */
		54F3AD43284FDC2A00AD9C3D /* AppDelegate.swift in Sources */ = {isa = PBXBuildFile; fileRef = 54F3AD42284FDC2A00AD9C3D /* AppDelegate.swift */; };
		54F3AD45284FDC2A00AD9C3D /* SceneDelegate.swift in Sources */ = {isa = PBXBuildFile; fileRef = 54F3AD44284FDC2A00AD9C3D /* SceneDelegate.swift */; };
		54F3AD47284FDC2A00AD9C3D /* ViewController.swift in Sources */ = {isa = PBXBuildFile; fileRef = 54F3AD46284FDC2A00AD9C3D /* ViewController.swift */; };
		54F3AD4A284FDC2A00AD9C3D /* Main.storyboard in Resources */ = {isa = PBXBuildFile; fileRef = 54F3AD48284FDC2A00AD9C3D /* Main.storyboard */; };
		54F3AD4C284FDC2A00AD9C3D /* Assets.xcassets in Resources */ = {isa = PBXBuildFile; fileRef = 54F3AD4B284FDC2A00AD9C3D /* Assets.xcassets */; };
		54F3AD4F284FDC2A00AD9C3D /* LaunchScreen.storyboard in Resources */ = {isa = PBXBuildFile; fileRef = 54F3AD4D284FDC2A00AD9C3D /* LaunchScreen.storyboard */; };
		54F3AD5A284FDC2A00AD9C3D /* SideMenuProjectTests.swift in Sources */ = {isa = PBXBuildFile; fileRef = 54F3AD59284FDC2A00AD9C3D /* SideMenuProjectTests.swift */; };
		54F3AD64284FDC2A00AD9C3D /* SideMenuProjectUITests.swift in Sources */ = {isa = PBXBuildFile; fileRef = 54F3AD63284FDC2A00AD9C3D /* SideMenuProjectUITests.swift */; };
		54F3AD66284FDC2A00AD9C3D /* SideMenuProjectUITestsLaunchTests.swift in Sources */ = {isa = PBXBuildFile; fileRef = 54F3AD65284FDC2A00AD9C3D /* SideMenuProjectUITestsLaunchTests.swift */; };
		54F3AD77284FDD0300AD9C3D /* ContainerController.swift in Sources */ = {isa = PBXBuildFile; fileRef = 54F3AD76284FDD0300AD9C3D /* ContainerController.swift */; };
		54F3AD79284FDD0B00AD9C3D /* HomeController.swift in Sources */ = {isa = PBXBuildFile; fileRef = 54F3AD78284FDD0B00AD9C3D /* HomeController.swift */; };
		54F3AD7B284FDD1500AD9C3D /* MenuController.swift in Sources */ = {isa = PBXBuildFile; fileRef = 54F3AD7A284FDD1500AD9C3D /* MenuController.swift */; };
/* End PBXBuildFile section */

/* Begin PBXContainerItemProxy section */
		54F3AD56284FDC2A00AD9C3D /* PBXContainerItemProxy */ = {
			isa = PBXContainerItemProxy;
			containerPortal = 54F3AD37284FDC2A00AD9C3D /* Project object */;
			proxyType = 1;
			remoteGlobalIDString = 54F3AD3E284FDC2A00AD9C3D;
			remoteInfo = SideMenuProject;
		};
		54F3AD60284FDC2A00AD9C3D /* PBXContainerItemProxy */ = {
			isa = PBXContainerItemProxy;
			containerPortal = 54F3AD37284FDC2A00AD9C3D /* Project object */;
			proxyType = 1;
			remoteGlobalIDString = 54F3AD3E284FDC2A00AD9C3D;
			remoteInfo = SideMenuProject;
		};
/* End PBXContainerItemProxy section */

/* Begin PBXFileReference section */
		54F3AD3F284FDC2A00AD9C3D /* SideMenuProject.app */ = {isa = PBXFileReference; explicitFileType = wrapper.application; includeInIndex = 0; path = SideMenuProject.app; sourceTree = BUILT_PRODUCTS_DIR; };
		54F3AD42284FDC2A00AD9C3D /* AppDelegate.swift */ = {isa = PBXFileReference; lastKnownFileType = sourcecode.swift; path = AppDelegate.swift; sourceTree = "<group>"; };
		54F3AD44284FDC2A00AD9C3D /* SceneDelegate.swift */ = {isa = PBXFileReference; lastKnownFileType = sourcecode.swift; path = SceneDelegate.swift; sourceTree = "<group>"; };
		54F3AD46284FDC2A00AD9C3D /* ViewController.swift */ = {isa = PBXFileReference; lastKnownFileType = sourcecode.swift; path = ViewController.swift; sourceTree = "<group>"; };
		54F3AD49284FDC2A00AD9C3D /* Base */ = {isa = PBXFileReference; lastKnownFileType = file.storyboard; name = Base; path = Base.lproj/Main.storyboard; sourceTree = "<group>"; };
		54F3AD4B284FDC2A00AD9C3D /* Assets.xcassets */ = {isa = PBXFileReference; lastKnownFileType = folder.assetcatalog; path = Assets.xcassets; sourceTree = "<group>"; };
		54F3AD4E284FDC2A00AD9C3D /* Base */ = {isa = PBXFileReference; lastKnownFileType = file.storyboard; name = Base; path = Base.lproj/LaunchScreen.storyboard; sourceTree = "<group>"; };
		54F3AD50284FDC2A00AD9C3D /* Info.plist */ = {isa = PBXFileReference; lastKnownFileType = text.plist.xml; path = Info.plist; sourceTree = "<group>"; };
		54F3AD55284FDC2A00AD9C3D /* SideMenuProjectTests.xctest */ = {isa = PBXFileReference; explicitFileType = wrapper.cfbundle; includeInIndex = 0; path = SideMenuProjectTests.xctest; sourceTree = BUILT_PRODUCTS_DIR; };
		54F3AD59284FDC2A00AD9C3D /* SideMenuProjectTests.swift */ = {isa = PBXFileReference; lastKnownFileType = sourcecode.swift; path = SideMenuProjectTests.swift; sourceTree = "<group>"; };
		54F3AD5F284FDC2A00AD9C3D /* SideMenuProjectUITests.xctest */ = {isa = PBXFileReference; explicitFileType = wrapper.cfbundle; includeInIndex = 0; path = SideMenuProjectUITests.xctest; sourceTree = BUILT_PRODUCTS_DIR; };
		54F3AD63284FDC2A00AD9C3D /* SideMenuProjectUITests.swift */ = {isa = PBXFileReference; lastKnownFileType = sourcecode.swift; path = SideMenuProjectUITests.swift; sourceTree = "<group>"; };
		54F3AD65284FDC2A00AD9C3D /* SideMenuProjectUITestsLaunchTests.swift */ = {isa = PBXFileReference; lastKnownFileType = sourcecode.swift; path = SideMenuProjectUITestsLaunchTests.swift; sourceTree = "<group>"; };
		54F3AD76284FDD0300AD9C3D /* ContainerController.swift */ = {isa = PBXFileReference; lastKnownFileType = sourcecode.swift; path = ContainerController.swift; sourceTree = "<group>"; };
		54F3AD78284FDD0B00AD9C3D /* HomeController.swift */ = {isa = PBXFileReference; lastKnownFileType = sourcecode.swift; path = HomeController.swift; sourceTree = "<group>"; };
		54F3AD7A284FDD1500AD9C3D /* MenuController.swift */ = {isa = PBXFileReference; lastKnownFileType = sourcecode.swift; path = MenuController.swift; sourceTree = "<group>"; };
/* End PBXFileReference section */

/* Begin PBXFrameworksBuildPhase section */
		54F3AD3C284FDC2A00AD9C3D /* Frameworks */ = {
			isa = PBXFrameworksBuildPhase;
			buildActionMask = 2147483647;
			files = (
			);
			runOnlyForDeploymentPostprocessing = 0;
		};
		54F3AD52284FDC2A00AD9C3D /* Frameworks */ = {
			isa = PBXFrameworksBuildPhase;
			buildActionMask = 2147483647;
			files = (
			);
			runOnlyForDeploymentPostprocessing = 0;
		};
		54F3AD5C284FDC2A00AD9C3D /* Frameworks */ = {
			isa = PBXFrameworksBuildPhase;
			buildActionMask = 2147483647;
			files = (
			);
			runOnlyForDeploymentPostprocessing = 0;
		};
/* End PBXFrameworksBuildPhase section */

/* Begin PBXGroup section */
		54F3AD36284FDC2A00AD9C3D = {
			isa = PBXGroup;
			children = (
				54F3AD41284FDC2A00AD9C3D /* SideMenuProject */,
				54F3AD58284FDC2A00AD9C3D /* SideMenuProjectTests */,
				54F3AD62284FDC2A00AD9C3D /* SideMenuProjectUITests */,
				54F3AD40284FDC2A00AD9C3D /* Products */,
			);
			sourceTree = "<group>";
		};
		54F3AD40284FDC2A00AD9C3D /* Products */ = {
			isa = PBXGroup;
			children = (
				54F3AD3F284FDC2A00AD9C3D /* SideMenuProject.app */,
				54F3AD55284FDC2A00AD9C3D /* SideMenuProjectTests.xctest */,
				54F3AD5F284FDC2A00AD9C3D /* SideMenuProjectUITests.xctest */,
			);
			name = Products;
			sourceTree = "<group>";
		};
		54F3AD41284FDC2A00AD9C3D /* SideMenuProject */ = {
			isa = PBXGroup;
			children = (
				54F3AD75284FDCE500AD9C3D /* Utilities */,
				54F3AD74284FDCE300AD9C3D /* Model */,
				54F3AD73284FDCE000AD9C3D /* View */,
				54F3AD72284FDCDA00AD9C3D /* Controller */,
				54F3AD42284FDC2A00AD9C3D /* AppDelegate.swift */,
				54F3AD44284FDC2A00AD9C3D /* SceneDelegate.swift */,
				54F3AD46284FDC2A00AD9C3D /* ViewController.swift */,
				54F3AD48284FDC2A00AD9C3D /* Main.storyboard */,
				54F3AD4B284FDC2A00AD9C3D /* Assets.xcassets */,
				54F3AD4D284FDC2A00AD9C3D /* LaunchScreen.storyboard */,
				54F3AD50284FDC2A00AD9C3D /* Info.plist */,
			);
			path = SideMenuProject;
			sourceTree = "<group>";
		};
		54F3AD58284FDC2A00AD9C3D /* SideMenuProjectTests */ = {
			isa = PBXGroup;
			children = (
				54F3AD59284FDC2A00AD9C3D /* SideMenuProjectTests.swift */,
			);
			path = SideMenuProjectTests;
			sourceTree = "<group>";
		};
		54F3AD62284FDC2A00AD9C3D /* SideMenuProjectUITests */ = {
			isa = PBXGroup;
			children = (
				54F3AD63284FDC2A00AD9C3D /* SideMenuProjectUITests.swift */,
				54F3AD65284FDC2A00AD9C3D /* SideMenuProjectUITestsLaunchTests.swift */,
			);
			path = SideMenuProjectUITests;
			sourceTree = "<group>";
		};
		54F3AD72284FDCDA00AD9C3D /* Controller */ = {
			isa = PBXGroup;
			children = (
				54F3AD76284FDD0300AD9C3D /* ContainerController.swift */,
				54F3AD78284FDD0B00AD9C3D /* HomeController.swift */,
				54F3AD7A284FDD1500AD9C3D /* MenuController.swift */,
			);
			path = Controller;
			sourceTree = "<group>";
		};
		54F3AD73284FDCE000AD9C3D /* View */ = {
			isa = PBXGroup;
			children = (
			);
			path = View;
			sourceTree = "<group>";
		};
		54F3AD74284FDCE300AD9C3D /* Model */ = {
			isa = PBXGroup;
			children = (
			);
			path = Model;
			sourceTree = "<group>";
		};
		54F3AD75284FDCE500AD9C3D /* Utilities */ = {
			isa = PBXGroup;
			children = (
			);
			path = Utilities;
			sourceTree = "<group>";
		};
/* End PBXGroup section */

/* Begin PBXNativeTarget section */
		54F3AD3E284FDC2A00AD9C3D /* SideMenuProject */ = {
			isa = PBXNativeTarget;
			buildConfigurationList = 54F3AD69284FDC2A00AD9C3D /* Build configuration list for PBXNativeTarget "SideMenuProject" */;
			buildPhases = (
				54F3AD3B284FDC2A00AD9C3D /* Sources */,
				54F3AD3C284FDC2A00AD9C3D /* Frameworks */,
				54F3AD3D284FDC2A00AD9C3D /* Resources */,
			);
			buildRules = (
			);
			dependencies = (
			);
			name = SideMenuProject;
			productName = SideMenuProject;
			productReference = 54F3AD3F284FDC2A00AD9C3D /* SideMenuProject.app */;
			productType = "com.apple.product-type.application";
		};
		54F3AD54284FDC2A00AD9C3D /* SideMenuProjectTests */ = {
			isa = PBXNativeTarget;
			buildConfigurationList = 54F3AD6C284FDC2A00AD9C3D /* Build configuration list for PBXNativeTarget "SideMenuProjectTests" */;
			buildPhases = (
				54F3AD51284FDC2A00AD9C3D /* Sources */,
				54F3AD52284FDC2A00AD9C3D /* Frameworks */,
				54F3AD53284FDC2A00AD9C3D /* Resources */,
			);
			buildRules = (
			);
			dependencies = (
				54F3AD57284FDC2A00AD9C3D /* PBXTargetDependency */,
			);
			name = SideMenuProjectTests;
			productName = SideMenuProjectTests;
			productReference = 54F3AD55284FDC2A00AD9C3D /* SideMenuProjectTests.xctest */;
			productType = "com.apple.product-type.bundle.unit-test";
		};
		54F3AD5E284FDC2A00AD9C3D /* SideMenuProjectUITests */ = {
			isa = PBXNativeTarget;
			buildConfigurationList = 54F3AD6F284FDC2A00AD9C3D /* Build configuration list for PBXNativeTarget "SideMenuProjectUITests" */;
			buildPhases = (
				54F3AD5B284FDC2A00AD9C3D /* Sources */,
				54F3AD5C284FDC2A00AD9C3D /* Frameworks */,
				54F3AD5D284FDC2A00AD9C3D /* Resources */,
			);
			buildRules = (
			);
			dependencies = (
				54F3AD61284FDC2A00AD9C3D /* PBXTargetDependency */,
			);
			name = SideMenuProjectUITests;
			productName = SideMenuProjectUITests;
			productReference = 54F3AD5F284FDC2A00AD9C3D /* SideMenuProjectUITests.xctest */;
			productType = "com.apple.product-type.bundle.ui-testing";
		};
/* End PBXNativeTarget section */

/* Begin PBXProject section */
		54F3AD37284FDC2A00AD9C3D /* Project object */ = {
			isa = PBXProject;
			attributes = {
				BuildIndependentTargetsInParallel = 1;
				LastSwiftUpdateCheck = 1340;
				LastUpgradeCheck = 1340;
				TargetAttributes = {
					54F3AD3E284FDC2A00AD9C3D = {
						CreatedOnToolsVersion = 13.4.1;
					};
					54F3AD54284FDC2A00AD9C3D = {
						CreatedOnToolsVersion = 13.4.1;
						TestTargetID = 54F3AD3E284FDC2A00AD9C3D;
					};
					54F3AD5E284FDC2A00AD9C3D = {
						CreatedOnToolsVersion = 13.4.1;
						TestTargetID = 54F3AD3E284FDC2A00AD9C3D;
					};
				};
			};
			buildConfigurationList = 54F3AD3A284FDC2A00AD9C3D /* Build configuration list for PBXProject "SideMenuProject" */;
			compatibilityVersion = "Xcode 13.0";
			developmentRegion = en;
			hasScannedForEncodings = 0;
			knownRegions = (
				en,
				Base,
			);
			mainGroup = 54F3AD36284FDC2A00AD9C3D;
			productRefGroup = 54F3AD40284FDC2A00AD9C3D /* Products */;
			projectDirPath = "";
			projectRoot = "";
			targets = (
				54F3AD3E284FDC2A00AD9C3D /* SideMenuProject */,
				54F3AD54284FDC2A00AD9C3D /* SideMenuProjectTests */,
				54F3AD5E284FDC2A00AD9C3D /* SideMenuProjectUITests */,
			);
		};
/* End PBXProject section */

/* Begin PBXResourcesBuildPhase section */
		54F3AD3D284FDC2A00AD9C3D /* Resources */ = {
			isa = PBXResourcesBuildPhase;
			buildActionMask = 2147483647;
			files = (
				54F3AD4F284FDC2A00AD9C3D /* LaunchScreen.storyboard in Resources */,
				54F3AD4C284FDC2A00AD9C3D /* Assets.xcassets in Resources */,
				54F3AD4A284FDC2A00AD9C3D /* Main.storyboard in Resources */,
			);
			runOnlyForDeploymentPostprocessing = 0;
		};
		54F3AD53284FDC2A00AD9C3D /* Resources */ = {
			isa = PBXResourcesBuildPhase;
			buildActionMask = 2147483647;
			files = (
			);
			runOnlyForDeploymentPostprocessing = 0;
		};
		54F3AD5D284FDC2A00AD9C3D /* Resources */ = {
			isa = PBXResourcesBuildPhase;
			buildActionMask = 2147483647;
			files = (
			);
			runOnlyForDeploymentPostprocessing = 0;
		};
/* End PBXResourcesBuildPhase section */

/* Begin PBXSourcesBuildPhase section */
		54F3AD3B284FDC2A00AD9C3D /* Sources */ = {
			isa = PBXSourcesBuildPhase;
			buildActionMask = 2147483647;
			files = (
				54F3AD47284FDC2A00AD9C3D /* ViewController.swift in Sources */,
				54F3AD43284FDC2A00AD9C3D /* AppDelegate.swift in Sources */,
				54F3AD45284FDC2A00AD9C3D /* SceneDelegate.swift in Sources */,
				54F3AD77284FDD0300AD9C3D /* ContainerController.swift in Sources */,
				54F3AD7B284FDD1500AD9C3D /* MenuController.swift in Sources */,
				54F3AD79284FDD0B00AD9C3D /* HomeController.swift in Sources */,
			);
			runOnlyForDeploymentPostprocessing = 0;
		};
		54F3AD51284FDC2A00AD9C3D /* Sources */ = {
			isa = PBXSourcesBuildPhase;
			buildActionMask = 2147483647;
			files = (
				54F3AD5A284FDC2A00AD9C3D /* SideMenuProjectTests.swift in Sources */,
			);
			runOnlyForDeploymentPostprocessing = 0;
		};
		54F3AD5B284FDC2A00AD9C3D /* Sources */ = {
			isa = PBXSourcesBuildPhase;
			buildActionMask = 2147483647;
			files = (
				54F3AD66284FDC2A00AD9C3D /* SideMenuProjectUITestsLaunchTests.swift in Sources */,
				54F3AD64284FDC2A00AD9C3D /* SideMenuProjectUITests.swift in Sources */,
			);
			runOnlyForDeploymentPostprocessing = 0;
		};
/* End PBXSourcesBuildPhase section */

/* Begin PBXTargetDependency section */
		54F3AD57284FDC2A00AD9C3D /* PBXTargetDependency */ = {
			isa = PBXTargetDependency;
			target = 54F3AD3E284FDC2A00AD9C3D /* SideMenuProject */;
			targetProxy = 54F3AD56284FDC2A00AD9C3D /* PBXContainerItemProxy */;
		};
		54F3AD61284FDC2A00AD9C3D /* PBXTargetDependency */ = {
			isa = PBXTargetDependency;
			target = 54F3AD3E284FDC2A00AD9C3D /* SideMenuProject */;
			targetProxy = 54F3AD60284FDC2A00AD9C3D /* PBXContainerItemProxy */;
		};
/* End PBXTargetDependency section */

/* Begin PBXVariantGroup section */
		54F3AD48284FDC2A00AD9C3D /* Main.storyboard */ = {
			isa = PBXVariantGroup;
			children = (
				54F3AD49284FDC2A00AD9C3D /* Base */,
			);
			name = Main.storyboard;
			sourceTree = "<group>";
		};
		54F3AD4D284FDC2A00AD9C3D /* LaunchScreen.storyboard */ = {
			isa = PBXVariantGroup;
			children = (
				54F3AD4E284FDC2A00AD9C3D /* Base */,
			);
			name = LaunchScreen.storyboard;
			sourceTree = "<group>";
		};
/* End PBXVariantGroup section */

/* Begin XCBuildConfiguration section */
		54F3AD67284FDC2A00AD9C3D /* Debug */ = {
			isa = XCBuildConfiguration;
			buildSettings = {
				ALWAYS_SEARCH_USER_PATHS = NO;
				CLANG_ANALYZER_NONNULL = YES;
				CLANG_ANALYZER_NUMBER_OBJECT_CONVERSION = YES_AGGRESSIVE;
				CLANG_CXX_LANGUAGE_STANDARD = "gnu++17";
				CLANG_ENABLE_MODULES = YES;
				CLANG_ENABLE_OBJC_ARC = YES;
				CLANG_ENABLE_OBJC_WEAK = YES;
				CLANG_WARN_BLOCK_CAPTURE_AUTORELEASING = YES;
				CLANG_WARN_BOOL_CONVERSION = YES;
				CLANG_WARN_COMMA = YES;
				CLANG_WARN_CONSTANT_CONVERSION = YES;
				CLANG_WARN_DEPRECATED_OBJC_IMPLEMENTATIONS = YES;
				CLANG_WARN_DIRECT_OBJC_ISA_USAGE = YES_ERROR;
				CLANG_WARN_DOCUMENTATION_COMMENTS = YES;
				CLANG_WARN_EMPTY_BODY = YES;
				CLANG_WARN_ENUM_CONVERSION = YES;
				CLANG_WARN_INFINITE_RECURSION = YES;
				CLANG_WARN_INT_CONVERSION = YES;
				CLANG_WARN_NON_LITERAL_NULL_CONVERSION = YES;
				CLANG_WARN_OBJC_IMPLICIT_RETAIN_SELF = YES;
				CLANG_WARN_OBJC_LITERAL_CONVERSION = YES;
				CLANG_WARN_OBJC_ROOT_CLASS = YES_ERROR;
				CLANG_WARN_QUOTED_INCLUDE_IN_FRAMEWORK_HEADER = YES;
				CLANG_WARN_RANGE_LOOP_ANALYSIS = YES;
				CLANG_WARN_STRICT_PROTOTYPES = YES;
				CLANG_WARN_SUSPICIOUS_MOVE = YES;
				CLANG_WARN_UNGUARDED_AVAILABILITY = YES_AGGRESSIVE;
				CLANG_WARN_UNREACHABLE_CODE = YES;
				CLANG_WARN__DUPLICATE_METHOD_MATCH = YES;
				COPY_PHASE_STRIP = NO;
				DEBUG_INFORMATION_FORMAT = dwarf;
				ENABLE_STRICT_OBJC_MSGSEND = YES;
				ENABLE_TESTABILITY = YES;
				GCC_C_LANGUAGE_STANDARD = gnu11;
				GCC_DYNAMIC_NO_PIC = NO;
				GCC_NO_COMMON_BLOCKS = YES;
				GCC_OPTIMIZATION_LEVEL = 0;
				GCC_PREPROCESSOR_DEFINITIONS = (
					"DEBUG=1",
					"$(inherited)",
				);
				GCC_WARN_64_TO_32_BIT_CONVERSION = YES;
				GCC_WARN_ABOUT_RETURN_TYPE = YES_ERROR;
				GCC_WARN_UNDECLARED_SELECTOR = YES;
				GCC_WARN_UNINITIALIZED_AUTOS = YES_AGGRESSIVE;
				GCC_WARN_UNUSED_FUNCTION = YES;
				GCC_WARN_UNUSED_VARIABLE = YES;
				IPHONEOS_DEPLOYMENT_TARGET = 15.5;
				MTL_ENABLE_DEBUG_INFO = INCLUDE_SOURCE;
				MTL_FAST_MATH = YES;
				ONLY_ACTIVE_ARCH = YES;
				SDKROOT = iphoneos;
				SWIFT_ACTIVE_COMPILATION_CONDITIONS = DEBUG;
				SWIFT_OPTIMIZATION_LEVEL = "-Onone";
			};
			name = Debug;
		};
		54F3AD68284FDC2A00AD9C3D /* Release */ = {
			isa = XCBuildConfiguration;
			buildSettings = {
				ALWAYS_SEARCH_USER_PATHS = NO;
				CLANG_ANALYZER_NONNULL = YES;
				CLANG_ANALYZER_NUMBER_OBJECT_CONVERSION = YES_AGGRESSIVE;
				CLANG_CXX_LANGUAGE_STANDARD = "gnu++17";
				CLANG_ENABLE_MODULES = YES;
				CLANG_ENABLE_OBJC_ARC = YES;
				CLANG_ENABLE_OBJC_WEAK = YES;
				CLANG_WARN_BLOCK_CAPTURE_AUTORELEASING = YES;
				CLANG_WARN_BOOL_CONVERSION = YES;
				CLANG_WARN_COMMA = YES;
				CLANG_WARN_CONSTANT_CONVERSION = YES;
				CLANG_WARN_DEPRECATED_OBJC_IMPLEMENTATIONS = YES;
				CLANG_WARN_DIRECT_OBJC_ISA_USAGE = YES_ERROR;
				CLANG_WARN_DOCUMENTATION_COMMENTS = YES;
				CLANG_WARN_EMPTY_BODY = YES;
				CLANG_WARN_ENUM_CONVERSION = YES;
				CLANG_WARN_INFINITE_RECURSION = YES;
				CLANG_WARN_INT_CONVERSION = YES;
				CLANG_WARN_NON_LITERAL_NULL_CONVERSION = YES;
				CLANG_WARN_OBJC_IMPLICIT_RETAIN_SELF = YES;
				CLANG_WARN_OBJC_LITERAL_CONVERSION = YES;
				CLANG_WARN_OBJC_ROOT_CLASS = YES_ERROR;
				CLANG_WARN_QUOTED_INCLUDE_IN_FRAMEWORK_HEADER = YES;
				CLANG_WARN_RANGE_LOOP_ANALYSIS = YES;
				CLANG_WARN_STRICT_PROTOTYPES = YES;
				CLANG_WARN_SUSPICIOUS_MOVE = YES;
				CLANG_WARN_UNGUARDED_AVAILABILITY = YES_AGGRESSIVE;
				CLANG_WARN_UNREACHABLE_CODE = YES;
				CLANG_WARN__DUPLICATE_METHOD_MATCH = YES;
				COPY_PHASE_STRIP = NO;
				DEBUG_INFORMATION_FORMAT = "dwarf-with-dsym";
				ENABLE_NS_ASSERTIONS = NO;
				ENABLE_STRICT_OBJC_MSGSEND = YES;
				GCC_C_LANGUAGE_STANDARD = gnu11;
				GCC_NO_COMMON_BLOCKS = YES;
				GCC_WARN_64_TO_32_BIT_CONVERSION = YES;
				GCC_WARN_ABOUT_RETURN_TYPE = YES_ERROR;
				GCC_WARN_UNDECLARED_SELECTOR = YES;
				GCC_WARN_UNINITIALIZED_AUTOS = YES_AGGRESSIVE;
				GCC_WARN_UNUSED_FUNCTION = YES;
				GCC_WARN_UNUSED_VARIABLE = YES;
				IPHONEOS_DEPLOYMENT_TARGET = 15.5;
				MTL_ENABLE_DEBUG_INFO = NO;
				MTL_FAST_MATH = YES;
				SDKROOT = iphoneos;
				SWIFT_COMPILATION_MODE = wholemodule;
				SWIFT_OPTIMIZATION_LEVEL = "-O";
				VALIDATE_PRODUCT = YES;
			};
			name = Release;
		};
		54F3AD6A284FDC2A00AD9C3D /* Debug */ = {
			isa = XCBuildConfiguration;
			buildSettings = {
				ASSETCATALOG_COMPILER_APPICON_NAME = AppIcon;
				ASSETCATALOG_COMPILER_GLOBAL_ACCENT_COLOR_NAME = AccentColor;
				CODE_SIGN_STYLE = Automatic;
				CURRENT_PROJECT_VERSION = 1;
				DEVELOPMENT_TEAM = DZHXZ94XN9;
				GENERATE_INFOPLIST_FILE = YES;
				INFOPLIST_FILE = SideMenuProject/Info.plist;
				INFOPLIST_KEY_UIApplicationSupportsIndirectInputEvents = YES;
				INFOPLIST_KEY_UILaunchStoryboardName = LaunchScreen;
				INFOPLIST_KEY_UIMainStoryboardFile = Main;
				INFOPLIST_KEY_UISupportedInterfaceOrientations_iPad = "UIInterfaceOrientationPortrait UIInterfaceOrientationPortraitUpsideDown UIInterfaceOrientationLandscapeLeft UIInterfaceOrientationLandscapeRight";
				INFOPLIST_KEY_UISupportedInterfaceOrientations_iPhone = "UIInterfaceOrientationPortrait UIInterfaceOrientationLandscapeLeft UIInterfaceOrientationLandscapeRight";
				LD_RUNPATH_SEARCH_PATHS = (
					"$(inherited)",
					"@executable_path/Frameworks",
				);
				MARKETING_VERSION = 1.0;
				PRODUCT_BUNDLE_IDENTIFIER = micahburnside.SideMenuProject;
				PRODUCT_NAME = "$(TARGET_NAME)";
				SWIFT_EMIT_LOC_STRINGS = YES;
				SWIFT_VERSION = 5.0;
				TARGETED_DEVICE_FAMILY = "1,2";
			};
			name = Debug;
		};
		54F3AD6B284FDC2A00AD9C3D /* Release */ = {
			isa = XCBuildConfiguration;
			buildSettings = {
				ASSETCATALOG_COMPILER_APPICON_NAME = AppIcon;
				ASSETCATALOG_COMPILER_GLOBAL_ACCENT_COLOR_NAME = AccentColor;
				CODE_SIGN_STYLE = Automatic;
				CURRENT_PROJECT_VERSION = 1;
				DEVELOPMENT_TEAM = DZHXZ94XN9;
				GENERATE_INFOPLIST_FILE = YES;
				INFOPLIST_FILE = SideMenuProject/Info.plist;
				INFOPLIST_KEY_UIApplicationSupportsIndirectInputEvents = YES;
				INFOPLIST_KEY_UILaunchStoryboardName = LaunchScreen;
				INFOPLIST_KEY_UIMainStoryboardFile = Main;
				INFOPLIST_KEY_UISupportedInterfaceOrientations_iPad = "UIInterfaceOrientationPortrait UIInterfaceOrientationPortraitUpsideDown UIInterfaceOrientationLandscapeLeft UIInterfaceOrientationLandscapeRight";
				INFOPLIST_KEY_UISupportedInterfaceOrientations_iPhone = "UIInterfaceOrientationPortrait UIInterfaceOrientationLandscapeLeft UIInterfaceOrientationLandscapeRight";
				LD_RUNPATH_SEARCH_PATHS = (
					"$(inherited)",
					"@executable_path/Frameworks",
				);
				MARKETING_VERSION = 1.0;
				PRODUCT_BUNDLE_IDENTIFIER = micahburnside.SideMenuProject;
				PRODUCT_NAME = "$(TARGET_NAME)";
				SWIFT_EMIT_LOC_STRINGS = YES;
				SWIFT_VERSION = 5.0;
				TARGETED_DEVICE_FAMILY = "1,2";
			};
			name = Release;
		};
		54F3AD6D284FDC2A00AD9C3D /* Debug */ = {
			isa = XCBuildConfiguration;
			buildSettings = {
				ALWAYS_EMBED_SWIFT_STANDARD_LIBRARIES = YES;
				BUNDLE_LOADER = "$(TEST_HOST)";
				CODE_SIGN_STYLE = Automatic;
				CURRENT_PROJECT_VERSION = 1;
				DEVELOPMENT_TEAM = DZHXZ94XN9;
				GENERATE_INFOPLIST_FILE = YES;
				IPHONEOS_DEPLOYMENT_TARGET = 15.5;
				MARKETING_VERSION = 1.0;
				PRODUCT_BUNDLE_IDENTIFIER = micahburnside.SideMenuProjectTests;
				PRODUCT_NAME = "$(TARGET_NAME)";
				SWIFT_EMIT_LOC_STRINGS = NO;
				SWIFT_VERSION = 5.0;
				TARGETED_DEVICE_FAMILY = "1,2";
				TEST_HOST = "$(BUILT_PRODUCTS_DIR)/SideMenuProject.app/SideMenuProject";
			};
			name = Debug;
		};
		54F3AD6E284FDC2A00AD9C3D /* Release */ = {
			isa = XCBuildConfiguration;
			buildSettings = {
				ALWAYS_EMBED_SWIFT_STANDARD_LIBRARIES = YES;
				BUNDLE_LOADER = "$(TEST_HOST)";
				CODE_SIGN_STYLE = Automatic;
				CURRENT_PROJECT_VERSION = 1;
				DEVELOPMENT_TEAM = DZHXZ94XN9;
				GENERATE_INFOPLIST_FILE = YES;
				IPHONEOS_DEPLOYMENT_TARGET = 15.5;
				MARKETING_VERSION = 1.0;
				PRODUCT_BUNDLE_IDENTIFIER = micahburnside.SideMenuProjectTests;
				PRODUCT_NAME = "$(TARGET_NAME)";
				SWIFT_EMIT_LOC_STRINGS = NO;
				SWIFT_VERSION = 5.0;
				TARGETED_DEVICE_FAMILY = "1,2";
				TEST_HOST = "$(BUILT_PRODUCTS_DIR)/SideMenuProject.app/SideMenuProject";
			};
			name = Release;
		};
		54F3AD70284FDC2A00AD9C3D /* Debug */ = {
			isa = XCBuildConfiguration;
			buildSettings = {
				ALWAYS_EMBED_SWIFT_STANDARD_LIBRARIES = YES;
				CODE_SIGN_STYLE = Automatic;
				CURRENT_PROJECT_VERSION = 1;
				DEVELOPMENT_TEAM = DZHXZ94XN9;
				GENERATE_INFOPLIST_FILE = YES;
				MARKETING_VERSION = 1.0;
				PRODUCT_BUNDLE_IDENTIFIER = micahburnside.SideMenuProjectUITests;
				PRODUCT_NAME = "$(TARGET_NAME)";
				SWIFT_EMIT_LOC_STRINGS = NO;
				SWIFT_VERSION = 5.0;
				TARGETED_DEVICE_FAMILY = "1,2";
				TEST_TARGET_NAME = SideMenuProject;
			};
			name = Debug;
		};
		54F3AD71284FDC2A00AD9C3D /* Release */ = {
			isa = XCBuildConfiguration;
			buildSettings = {
				ALWAYS_EMBED_SWIFT_STANDARD_LIBRARIES = YES;
				CODE_SIGN_STYLE = Automatic;
				CURRENT_PROJECT_VERSION = 1;
				DEVELOPMENT_TEAM = DZHXZ94XN9;
				GENERATE_INFOPLIST_FILE = YES;
				MARKETING_VERSION = 1.0;
				PRODUCT_BUNDLE_IDENTIFIER = micahburnside.SideMenuProjectUITests;
				PRODUCT_NAME = "$(TARGET_NAME)";
				SWIFT_EMIT_LOC_STRINGS = NO;
				SWIFT_VERSION = 5.0;
				TARGETED_DEVICE_FAMILY = "1,2";
				TEST_TARGET_NAME = SideMenuProject;
			};
			name = Release;
		};
/* End XCBuildConfiguration section */

/* Begin XCConfigurationList section */
		54F3AD3A284FDC2A00AD9C3D /* Build configuration list for PBXProject "SideMenuProject" */ = {
			isa = XCConfigurationList;
			buildConfigurations = (
				54F3AD67284FDC2A00AD9C3D /* Debug */,
				54F3AD68284FDC2A00AD9C3D /* Release */,
			);
			defaultConfigurationIsVisible = 0;
			defaultConfigurationName = Release;
		};
		54F3AD69284FDC2A00AD9C3D /* Build configuration list for PBXNativeTarget "SideMenuProject" */ = {
			isa = XCConfigurationList;
			buildConfigurations = (
				54F3AD6A284FDC2A00AD9C3D /* Debug */,
				54F3AD6B284FDC2A00AD9C3D /* Release */,
			);
			defaultConfigurationIsVisible = 0;
			defaultConfigurationName = Release;
		};
		54F3AD6C284FDC2A00AD9C3D /* Build configuration list for PBXNativeTarget "SideMenuProjectTests" */ = {
			isa = XCConfigurationList;
			buildConfigurations = (
				54F3AD6D284FDC2A00AD9C3D /* Debug */,
				54F3AD6E284FDC2A00AD9C3D /* Release */,
			);
			defaultConfigurationIsVisible = 0;
			defaultConfigurationName = Release;
		};
		54F3AD6F284FDC2A00AD9C3D /* Build configuration list for PBXNativeTarget "SideMenuProjectUITests" */ = {
			isa = XCConfigurationList;
			buildConfigurations = (
				54F3AD70284FDC2A00AD9C3D /* Debug */,
				54F3AD71284FDC2A00AD9C3D /* Release */,
			);
			defaultConfigurationIsVisible = 0;
			defaultConfigurationName = Release;
		};
/* End XCConfigurationList section */
	};
	rootObject = 54F3AD37284FDC2A00AD9C3D /* Project object */;
}
